
Microsoft Visual Studio Solution File, Format Version 12.00
# Visual Studio Version 16
VisualStudioVersion = 16.0.30804.86
MinimumVisualStudioVersion = 10.0.40219.1
Project("{FAE04EC0-301F-11D3-BF4B-00C04F79EFBC}") = "MarvelStudiosWF", "MarvelStudiosWF\MarvelStudiosWF.csproj", "{71F8A625-17B0-48F6-A31F-64213BAA3179}"
EndProject
Global
	GlobalSection(SolutionConfigurationPlatforms) = preSolution
		Debug|Any CPU = Debug|Any CPU
		Release|Any CPU = Release|Any CPU
	EndGlobalSection
	GlobalSection(ProjectConfigurationPlatforms) = postSolution
		{71F8A625-17B0-48F6-A31F-64213BAA3179}.Debug|Any CPU.ActiveCfg = Debug|Any CPU
		{71F8A625-17B0-48F6-A31F-64213BAA3179}.Debug|Any CPU.Build.0 = Debug|Any CPU
		{71F8A625-17B0-48F6-A31F-64213BAA3179}.Release|Any CPU.ActiveCfg = Release|Any CPU
		{71F8A625-17B0-48F6-A31F-64213BAA3179}.Release|Any CPU.Build.0 = Release|Any CPU
	EndGlobalSection
	GlobalSection(SolutionProperties) = preSolution
		HideSolutionNode = FALSE
	EndGlobalSection
	GlobalSection(ExtensibilityGlobals) = postSolution
		SolutionGuid = {FD162488-1DFA-4D36-8C4C-C6299BBA520A}
	EndGlobalSection
EndGlobal
